
Microsoft Visual Studio Solution File, Format Version 12.00
# Visual Studio Version 16
VisualStudioVersion = 16.0.31410.357
MinimumVisualStudioVersion = 10.0.40219.1
Project("{FAE04EC0-301F-11D3-BF4B-00C04F79EFBC}") = "HttpClientHomework", "HttpClientHomework\HttpClientHomework.csproj", "{363D4C1F-B6CF-40DB-BE19-575E4D0EF10C}"
EndProject
Global
	GlobalSection(SolutionConfigurationPlatforms) = preSolution
		Debug|Any CPU = Debug|Any CPU
		Release|Any CPU = Release|Any CPU
	EndGlobalSection
	GlobalSection(ProjectConfigurationPlatforms) = postSolution
		{363D4C1F-B6CF-40DB-BE19-575E4D0EF10C}.Debug|Any CPU.ActiveCfg = Debug|Any CPU
		{363D4C1F-B6CF-40DB-BE19-575E4D0EF10C}.Debug|Any CPU.Build.0 = Debug|Any CPU
		{363D4C1F-B6CF-40DB-BE19-575E4D0EF10C}.Release|Any CPU.ActiveCfg = Release|Any CPU
		{363D4C1F-B6CF-40DB-BE19-575E4D0EF10C}.Release|Any CPU.Build.0 = Release|Any CPU
	EndGlobalSection
	GlobalSection(SolutionProperties) = preSolution
		HideSolutionNode = FALSE
	EndGlobalSection
	GlobalSection(ExtensibilityGlobals) = postSolution
		SolutionGuid = {74456E2B-B78D-4007-88A7-DBE74BBBEA3D}
	EndGlobalSection
EndGlobal
